<?xml version="1.0" encoding="utf-8"?>
<Project ToolsVersion="4.0" xmlns="http://schemas.microsoft.com/developer/msbuild/2003">
  <ItemGroup>
    <ClCompile Include="Application.cpp" />
    <ClCompile Include="Input.cpp">
      <Filter>Input</Filter>
    </ClCompile>
    <ClCompile Include="KeyAxis.cpp">
      <Filter>Input</Filter>
    </ClCompile>
    <ClCompile Include="Keybind.cpp">
      <Filter>Input</Filter>
    </ClCompile>
    <ClCompile Include="..\External\glad\glad.c">
      <Filter>3rd Party\glad</Filter>
    </ClCompile>
    <ClCompile Include="TimeManager.cpp">
      <Filter>Utility</Filter>
    </ClCompile>
    <ClCompile Include="Updater.cpp">
      <Filter>Utility</Filter>
    </ClCompile>
    <ClCompile Include="LightingManager.cpp">
      <Filter>Rendering</Filter>
    </ClCompile>
    <ClCompile Include="Material.cpp">
      <Filter>Rendering</Filter>
    </ClCompile>
    <ClCompile Include="MaterialManager.cpp">
      <Filter>Rendering</Filter>
    </ClCompile>
    <ClCompile Include="Mesh.cpp">
      <Filter>Rendering</Filter>
    </ClCompile>
    <ClCompile Include="Shader.cpp">
      <Filter>Rendering</Filter>
    </ClCompile>
    <ClCompile Include="ShaderManager.cpp">
      <Filter>Rendering</Filter>
    </ClCompile>
    <ClCompile Include="Texture.cpp">
      <Filter>Rendering</Filter>
    </ClCompile>
    <ClCompile Include="Camera.cpp">
      <Filter>GameObjects</Filter>
    </ClCompile>
    <ClCompile Include="GameObject.cpp">
      <Filter>GameObjects</Filter>
    </ClCompile>
    <ClCompile Include="GameObject3D.cpp">
      <Filter>GameObjects</Filter>
    </ClCompile>
    <ClCompile Include="GameObjectManager.cpp">
      <Filter>GameObjects</Filter>
    </ClCompile>
    <ClCompile Include="MeshRenderer.cpp">
      <Filter>GameObjects</Filter>
    </ClCompile>
    <ClCompile Include="OrbitalCamera.cpp">
      <Filter>GameObjects</Filter>
    </ClCompile>
    <ClCompile Include="TextureManager.cpp">
      <Filter>Rendering</Filter>
    </ClCompile>
    <ClCompile Include="MeshManager.cpp">
      <Filter>Rendering</Filter>
    </ClCompile>
    <ClCompile Include="LightObject.cpp">
      <Filter>GameObjects</Filter>
    </ClCompile>
    <ClCompile Include="Debug.cpp">
      <Filter>Utility\Debugging</Filter>
    </ClCompile>
    <ClCompile Include="LineDrawer.cpp">
      <Filter>Utility\Debugging</Filter>
    </ClCompile>
    <ClCompile Include="ParticleEmitter.cpp">
      <Filter>GameObjects</Filter>
    </ClCompile>
    <ClCompile Include="ParticleSystem.cpp">
      <Filter>Rendering</Filter>
    </ClCompile>
    <ClCompile Include="RandomGen.cpp">
      <Filter>Utility</Filter>
    </ClCompile>
    <ClCompile Include="GuidGenerator.cpp">
      <Filter>Utility</Filter>
    </ClCompile>
    <ClCompile Include="Colour.cpp">
      <Filter>Rendering</Filter>
    </ClCompile>
    <ClCompile Include="Scene.cpp">
      <Filter>Utility</Filter>
    </ClCompile>
    <ClCompile Include="StackTimer.cpp">
      <Filter>Utility\Debugging</Filter>
    </ClCompile>
    <ClCompile Include="StringBuilder.cpp">
      <Filter>Utility</Filter>
    </ClCompile>
    <ClCompile Include="LogID.cpp">
      <Filter>Utility\Debugging</Filter>
    </ClCompile>
    <ClCompile Include="EditHistory.cpp">
      <Filter>Utility</Filter>
    </ClCompile>
    <ClCompile Include="AppInfo.cpp" />
    <ClCompile Include="PostProcessing.cpp">
      <Filter>Rendering</Filter>
    </ClCompile>
    <ClCompile Include="ExampleGame.cpp" />
  </ItemGroup>
  <ItemGroup>
    <ClInclude Include="Application.h" />
    <ClInclude Include="Input.h">
      <Filter>Input</Filter>
    </ClInclude>
    <ClInclude Include="..\External\glad\glad.h">
      <Filter>3rd Party\glad</Filter>
    </ClInclude>
    <ClInclude Include="..\External\glad\khrplatform.h">
      <Filter>3rd Party\glad</Filter>
    </ClInclude>
    <ClInclude Include="..\External\nlohmannjson\json_fwd.hpp">
      <Filter>3rd Party\nlohmannjson</Filter>
    </ClInclude>
    <ClInclude Include="..\External\nlohmannjson\json.hpp">
      <Filter>3rd Party\nlohmannjson</Filter>
    </ClInclude>
    <ClInclude Include="..\External\stb\stb_image.h">
      <Filter>3rd Party\stb</Filter>
    </ClInclude>
    <ClInclude Include="..\External\stb\stb_image_write.h">
      <Filter>3rd Party\stb</Filter>
    </ClInclude>
    <ClInclude Include="GLIncludes.h">
      <Filter>Utility</Filter>
    </ClInclude>
    <ClInclude Include="GuidGenerator.h">
      <Filter>Utility</Filter>
    </ClInclude>
    <ClInclude Include="JsonIncludes.h">
      <Filter>Utility</Filter>
    </ClInclude>
    <ClInclude Include="MathIncludes.h">
      <Filter>Utility</Filter>
    </ClInclude>
    <ClInclude Include="StringIncludes.h">
      <Filter>Utility</Filter>
    </ClInclude>
    <ClInclude Include="TimeManager.h">
      <Filter>Utility</Filter>
    </ClInclude>
    <ClInclude Include="Updater.h">
      <Filter>Utility</Filter>
    </ClInclude>
    <ClInclude Include="LightingManager.h">
      <Filter>Rendering</Filter>
    </ClInclude>
    <ClInclude Include="Material.h">
      <Filter>Rendering</Filter>
    </ClInclude>
    <ClInclude Include="MaterialManager.h">
      <Filter>Rendering</Filter>
    </ClInclude>
    <ClInclude Include="Mesh.h">
      <Filter>Rendering</Filter>
    </ClInclude>
    <ClInclude Include="Shader.h">
      <Filter>Rendering</Filter>
    </ClInclude>
    <ClInclude Include="ShaderManager.h">
      <Filter>Rendering</Filter>
    </ClInclude>
    <ClInclude Include="Texture.h">
      <Filter>Rendering</Filter>
    </ClInclude>
    <ClInclude Include="Vertex.h">
      <Filter>Rendering</Filter>
    </ClInclude>
    <ClInclude Include="Camera.h">
      <Filter>GameObjects</Filter>
    </ClInclude>
    <ClInclude Include="GameObject.h">
      <Filter>GameObjects</Filter>
    </ClInclude>
    <ClInclude Include="GameObject3D.h">
      <Filter>GameObjects</Filter>
    </ClInclude>
    <ClInclude Include="GameObjectManager.h">
      <Filter>GameObjects</Filter>
    </ClInclude>
    <ClInclude Include="MeshRenderer.h">
      <Filter>GameObjects</Filter>
    </ClInclude>
    <ClInclude Include="OrbitalCamera.h">
      <Filter>GameObjects</Filter>
    </ClInclude>
    <ClInclude Include="HeirarchicalDefinitions.h">
      <Filter>GameObjects</Filter>
    </ClInclude>
    <ClInclude Include="Heirarchical.h">
      <Filter>GameObjects</Filter>
    </ClInclude>
    <ClInclude Include="TextureManager.h">
      <Filter>Rendering</Filter>
    </ClInclude>
    <ClInclude Include="GeneralMacros.h">
      <Filter>Utility</Filter>
    </ClInclude>
    <ClInclude Include="MeshManager.h">
      <Filter>Rendering</Filter>
    </ClInclude>
    <ClInclude Include="LightObject.h">
      <Filter>GameObjects</Filter>
    </ClInclude>
    <ClInclude Include="Light.h">
      <Filter>Rendering</Filter>
    </ClInclude>
    <ClInclude Include="Debug.h">
      <Filter>Utility\Debugging</Filter>
    </ClInclude>
    <ClInclude Include="LineDrawer.h">
      <Filter>Utility\Debugging</Filter>
    </ClInclude>
    <ClInclude Include="ComputeShader.h">
      <Filter>Utility</Filter>
    </ClInclude>
    <ClInclude Include="ParticleEmitter.h">
      <Filter>GameObjects</Filter>
    </ClInclude>
    <ClInclude Include="ParticleSystem.h">
      <Filter>Rendering</Filter>
    </ClInclude>
    <ClInclude Include="RandomGen.h">
      <Filter>Utility</Filter>
    </ClInclude>
    <ClInclude Include="Colour.h">
      <Filter>Rendering</Filter>
    </ClInclude>
    <ClInclude Include="Scene.h">
      <Filter>Utility</Filter>
    </ClInclude>
    <ClInclude Include="StackTimer.h">
      <Filter>Utility\Debugging</Filter>
    </ClInclude>
    <ClInclude Include="StringBuilder.h">
      <Filter>Utility</Filter>
    </ClInclude>
    <ClInclude Include="LogID.h">
      <Filter>Utility\Debugging</Filter>
    </ClInclude>
    <ClInclude Include="FilesIncludes.h">
      <Filter>Utility</Filter>
    </ClInclude>
    <ClInclude Include="EditHistory.h">
      <Filter>Utility</Filter>
    </ClInclude>
    <ClInclude Include="AppInfo.h" />
    <ClInclude Include="Game.h" />
    <ClInclude Include="PostProcessing.h">
      <Filter>Rendering</Filter>
    </ClInclude>
    <ClInclude Include="ExampleGame.h" />
  </ItemGroup>
  <ItemGroup>
    <Filter Include="Input">
      <UniqueIdentifier>{c4a19235-8757-4053-a417-cd31e156652a}</UniqueIdentifier>
    </Filter>
    <Filter Include="3rd Party">
      <UniqueIdentifier>{4a0a98d1-620f-49a5-beca-e64854117ff2}</UniqueIdentifier>
    </Filter>
    <Filter Include="3rd Party\glad">
      <UniqueIdentifier>{e5c04dce-6479-49ab-9cf1-0c8e24197e9a}</UniqueIdentifier>
    </Filter>
    <Filter Include="3rd Party\nlohmannjson">
      <UniqueIdentifier>{85b26a63-4c14-4d5d-ba89-10dac7898efc}</UniqueIdentifier>
    </Filter>
    <Filter Include="3rd Party\stb">
      <UniqueIdentifier>{266f10a5-5684-4aec-9fe0-c3a3a534c658}</UniqueIdentifier>
    </Filter>
    <Filter Include="Data Structures">
      <UniqueIdentifier>{ff554352-7503-477d-ab78-3c10859ab54f}</UniqueIdentifier>
    </Filter>
    <Filter Include="Utility">
      <UniqueIdentifier>{e4441737-659e-4c7c-b2bf-ca58ce7009fa}</UniqueIdentifier>
    </Filter>
    <Filter Include="Rendering">
      <UniqueIdentifier>{e7b37129-1033-45ec-b61e-a712027e7e27}</UniqueIdentifier>
    </Filter>
    <Filter Include="GameObjects">
      <UniqueIdentifier>{fbfba128-c378-4846-8e98-d81e8ca08805}</UniqueIdentifier>
    </Filter>
    <Filter Include="Utility\Debugging">
      <UniqueIdentifier>{19e4841b-cb28-4577-a362-7a96252a24d3}</UniqueIdentifier>
    </Filter>
  </ItemGroup>
</Project>