<?xml version="1.0" encoding="utf-8"?>
<Project ToolsVersion="4.0" xmlns="http://schemas.microsoft.com/developer/msbuild/2003">
  <ItemGroup>
    <ClCompile Include="Main.cpp" />
    <ClCompile Include="Editor.cpp" />
    <ClCompile Include="EditorCamera.cpp">
      <Filter>GameObjects</Filter>
    </ClCompile>
    <ClCompile Include="InputEditor.cpp">
      <Filter>GUI\EditorWindows</Filter>
    </ClCompile>
    <ClCompile Include="..\External\imgui\imgui.cpp">
      <Filter>3rd Party\imgui</Filter>
    </ClCompile>
    <ClCompile Include="..\External\imgui\imgui_demo.cpp">
      <Filter>3rd Party\imgui</Filter>
    </ClCompile>
    <ClCompile Include="..\External\imgui\imgui_draw.cpp">
      <Filter>3rd Party\imgui</Filter>
    </ClCompile>
    <ClCompile Include="..\External\imgui\imgui_impl_glfw.cpp">
      <Filter>3rd Party\imgui</Filter>
    </ClCompile>
    <ClCompile Include="..\External\imgui\imgui_impl_opengl3.cpp">
      <Filter>3rd Party\imgui</Filter>
    </ClCompile>
    <ClCompile Include="..\External\imgui\imgui_stdlib.cpp">
      <Filter>3rd Party\imgui</Filter>
    </ClCompile>
    <ClCompile Include="..\External\imgui\imgui_tables.cpp">
      <Filter>3rd Party\imgui</Filter>
    </ClCompile>
    <ClCompile Include="..\External\imgui\imgui_widgets.cpp">
      <Filter>3rd Party\imgui</Filter>
    </ClCompile>
    <ClCompile Include="GameObjectGUI.cpp">
      <Filter>GUI\EditorWindows</Filter>
    </ClCompile>
    <ClCompile Include="MeshRendererGUI.cpp">
      <Filter>GUI\EditorWindows</Filter>
    </ClCompile>
    <ClCompile Include="Inspector.cpp">
      <Filter>GUI\EditorWindows</Filter>
    </ClCompile>
    <ClCompile Include="GameObject3DGUI.cpp">
      <Filter>GUI\EditorWindows</Filter>
    </ClCompile>
    <ClCompile Include="EditorCameraGUI.cpp">
      <Filter>GUI\EditorWindows</Filter>
    </ClCompile>
    <ClCompile Include="GUI.cpp">
      <Filter>GUI</Filter>
    </ClCompile>
    <ClCompile Include="EditorDebug.cpp">
      <Filter>Utility</Filter>
    </ClCompile>
    <ClCompile Include="LightObjectGUI.cpp">
      <Filter>GUI\EditorWindows</Filter>
    </ClCompile>
    <ClCompile Include="MeshCooker.cpp">
      <Filter>GUI\EditorWindows</Filter>
    </ClCompile>
    <ClCompile Include="Heirarchy.cpp">
      <Filter>GUI\EditorWindows</Filter>
    </ClCompile>
  </ItemGroup>
  <ItemGroup>
    <Filter Include="JSON Configs">
      <UniqueIdentifier>{637a3dea-26f4-4707-ae52-2065566c555b}</UniqueIdentifier>
    </Filter>
    <Filter Include="Utility">
      <UniqueIdentifier>{0de3b673-3925-4af9-9b3e-152ecd81132c}</UniqueIdentifier>
    </Filter>
    <Filter Include="GameObjects">
      <UniqueIdentifier>{1ab21daf-0a9b-4c35-9efb-48f0a173de7f}</UniqueIdentifier>
    </Filter>
    <Filter Include="GUI">
      <UniqueIdentifier>{a1d011d6-fa56-4ac6-8730-9e79ebaaaf96}</UniqueIdentifier>
    </Filter>
    <Filter Include="GUI\EditorWindows">
      <UniqueIdentifier>{6f0aaeb8-728d-45fc-b389-cc6763e8306a}</UniqueIdentifier>
    </Filter>
    <Filter Include="Resources">
      <UniqueIdentifier>{57ffe12a-f198-499d-a7a6-93946c02816d}</UniqueIdentifier>
    </Filter>
    <Filter Include="3rd Party">
      <UniqueIdentifier>{36fcd552-08fd-45b6-855d-29038716cfe6}</UniqueIdentifier>
    </Filter>
    <Filter Include="3rd Party\imgui">
      <UniqueIdentifier>{b21dc611-2b18-4119-ba21-fbe6d2f378f2}</UniqueIdentifier>
    </Filter>
  </ItemGroup>
  <ItemGroup>
    <ClInclude Include="EditorCameraConfig.h">
      <Filter>JSON Configs</Filter>
    </ClInclude>
    <ClInclude Include="ImGuiIncludes.h">
      <Filter>Utility</Filter>
    </ClInclude>
    <ClInclude Include="Editor.h" />
    <ClInclude Include="EditorCamera.h">
      <Filter>GameObjects</Filter>
    </ClInclude>
    <ClInclude Include="InputEditor.h">
      <Filter>GUI\EditorWindows</Filter>
    </ClInclude>
    <ClInclude Include="..\External\imgui\imconfig.h">
      <Filter>3rd Party\imgui</Filter>
    </ClInclude>
    <ClInclude Include="..\External\imgui\imgui.h">
      <Filter>3rd Party\imgui</Filter>
    </ClInclude>
    <ClInclude Include="..\External\imgui\imgui_impl_glfw.h">
      <Filter>3rd Party\imgui</Filter>
    </ClInclude>
    <ClInclude Include="..\External\imgui\imgui_impl_opengl3.h">
      <Filter>3rd Party\imgui</Filter>
    </ClInclude>
    <ClInclude Include="..\External\imgui\imgui_impl_opengl3_loader.h">
      <Filter>3rd Party\imgui</Filter>
    </ClInclude>
    <ClInclude Include="..\External\imgui\imgui_internal.h">
      <Filter>3rd Party\imgui</Filter>
    </ClInclude>
    <ClInclude Include="..\External\imgui\imgui_stdlib.h">
      <Filter>3rd Party\imgui</Filter>
    </ClInclude>
    <ClInclude Include="..\External\imgui\imstb_rectpack.h">
      <Filter>3rd Party\imgui</Filter>
    </ClInclude>
    <ClInclude Include="..\External\imgui\imstb_textedit.h">
      <Filter>3rd Party\imgui</Filter>
    </ClInclude>
    <ClInclude Include="..\External\imgui\imstb_truetype.h">
      <Filter>3rd Party\imgui</Filter>
    </ClInclude>
    <ClInclude Include="EditorCameraGUI.h">
      <Filter>GUI\EditorWindows</Filter>
    </ClInclude>
    <ClInclude Include="GameObject3DGUI.h">
      <Filter>GUI\EditorWindows</Filter>
    </ClInclude>
    <ClInclude Include="GameObjectGUI.h">
      <Filter>GUI\EditorWindows</Filter>
    </ClInclude>
    <ClInclude Include="ShaderProgramGUI.h">
      <Filter>GUI\EditorWindows</Filter>
    </ClInclude>
    <ClInclude Include="ConsoleGUI.h">
      <Filter>GUI\EditorWindows</Filter>
    </ClInclude>
    <ClInclude Include="MaterialGUI.h">
      <Filter>GUI\EditorWindows</Filter>
    </ClInclude>
    <ClInclude Include="Heirarchy.h">
      <Filter>GUI\EditorWindows</Filter>
    </ClInclude>
    <ClInclude Include="MeshRendererGUI.h">
      <Filter>GUI\EditorWindows</Filter>
    </ClInclude>
    <ClInclude Include="Inspector.h">
      <Filter>GUI\EditorWindows</Filter>
    </ClInclude>
    <ClInclude Include="EditorStyler.h">
      <Filter>GUI\EditorWindows</Filter>
    </ClInclude>
    <ClInclude Include="GUI.h">
      <Filter>GUI</Filter>
    </ClInclude>
    <ClInclude Include="Table.h">
      <Filter>GUI</Filter>
    </ClInclude>
    <ClInclude Include="resource.h">
      <Filter>Resources</Filter>
    </ClInclude>
    <ClInclude Include="EditorDebug.h">
      <Filter>Utility</Filter>
    </ClInclude>
    <ClInclude Include="LightObjectGUI.h">
      <Filter>GUI\EditorWindows</Filter>
    </ClInclude>
    <ClInclude Include="MeshCooker.h">
      <Filter>GUI\EditorWindows</Filter>
    </ClInclude>
  </ItemGroup>
  <ItemGroup>
    <None Include="..\External\imgui\imgui.natstepfilter">
      <Filter>3rd Party\imgui</Filter>
    </None>
  </ItemGroup>
  <ItemGroup>
    <Natvis Include="..\External\imgui\imgui.natvis">
      <Filter>3rd Party\imgui</Filter>
    </Natvis>
  </ItemGroup>
  <ItemGroup>
    <ResourceCompile Include="Editor.rc">
      <Filter>Resources</Filter>
    </ResourceCompile>
  </ItemGroup>
  <ItemGroup>
    <Image Include="Editor.ico">
      <Filter>Resources</Filter>
    </Image>
  </ItemGroup>
</Project>