<?xml version="1.0" encoding="utf-8"?>
<Project ToolsVersion="4.0" xmlns="http://schemas.microsoft.com/developer/msbuild/2003">
  <ItemGroup>
    <Filter Include="Game">
      <UniqueIdentifier>{5cf65a99-a9fd-4241-a8ca-e1eeb35f4881}</UniqueIdentifier>
    </Filter>
    <Filter Include="glad">
      <UniqueIdentifier>{67DA6AB6-F800-4c08-8B7A-83BB121AAD01}</UniqueIdentifier>
      <Extensions>rc;ico;cur;bmp;dlg;rc2;rct;bin;rgs;gif;jpg;jpeg;jpe;resx;tiff;tif;png;wav;mfcribbon-ms</Extensions>
    </Filter>
    <Filter Include="Engine">
      <UniqueIdentifier>{068a1155-7c7e-48a5-8e24-c6aeca3a0859}</UniqueIdentifier>
    </Filter>
    <Filter Include="Engine\External">
      <UniqueIdentifier>{b6a08147-9c1d-46cd-b926-2c99d5603a7d}</UniqueIdentifier>
    </Filter>
    <Filter Include="Game\Input">
      <UniqueIdentifier>{1d65630a-870b-41a2-ae2d-b8c77647a62e}</UniqueIdentifier>
    </Filter>
    <Filter Include="Game\Cameras">
      <UniqueIdentifier>{00ec51db-2cc8-4173-93b3-97070b065ba3}</UniqueIdentifier>
    </Filter>
  </ItemGroup>
  <ItemGroup>
    <ClCompile Include="Main.cpp" />
    <ClCompile Include="..\glad.c">
      <Filter>glad</Filter>
    </ClCompile>
    <ClCompile Include="Application.cpp">
      <Filter>Game</Filter>
    </ClCompile>
    <ClCompile Include="Gizmos.cpp">
      <Filter>Engine\External</Filter>
    </ClCompile>
    <ClCompile Include="Input.cpp">
      <Filter>Game\Input</Filter>
    </ClCompile>
    <ClCompile Include="KeyAxis.cpp">
      <Filter>Game\Input</Filter>
    </ClCompile>
    <ClCompile Include="Keybind.cpp">
      <Filter>Game\Input</Filter>
    </ClCompile>
    <ClCompile Include="Time.cpp">
      <Filter>Game</Filter>
    </ClCompile>
    <ClCompile Include="Camera.cpp">
      <Filter>Game\Cameras</Filter>
    </ClCompile>
    <ClCompile Include="FreeCamera.cpp">
      <Filter>Game\Cameras</Filter>
    </ClCompile>
    <ClCompile Include="OrbitalCamera.cpp">
      <Filter>Game\Cameras</Filter>
    </ClCompile>
  </ItemGroup>
  <ItemGroup>
    <ClInclude Include="..\khrplatform.h">
      <Filter>glad</Filter>
    </ClInclude>
    <ClInclude Include="..\glad.h">
      <Filter>glad</Filter>
    </ClInclude>
    <ClInclude Include="FileLoading.h">
      <Filter>Engine</Filter>
    </ClInclude>
    <ClInclude Include="Application.h">
      <Filter>Game</Filter>
    </ClInclude>
    <ClInclude Include="Gizmos.h">
      <Filter>Engine\External</Filter>
    </ClInclude>
    <ClInclude Include="Input.h">
      <Filter>Game\Input</Filter>
    </ClInclude>
    <ClInclude Include="Time.h">
      <Filter>Game</Filter>
    </ClInclude>
    <ClInclude Include="Camera.h">
      <Filter>Game\Cameras</Filter>
    </ClInclude>
    <ClInclude Include="FreeCamera.h">
      <Filter>Game\Cameras</Filter>
    </ClInclude>
    <ClInclude Include="OrbitalCamera.h">
      <Filter>Game\Cameras</Filter>
    </ClInclude>
  </ItemGroup>
</Project>